
Microsoft Visual Studio Solution File, Format Version 12.00
Project("{FAE04EC0-301F-11D3-BF4B-00C04F79EFBC}") = "Portfolio", "Portfolio\Portfolio.csproj", "{EA3138E4-F75A-4D7B-A6B0-CEBD663798F1}"
EndProject
Project("{FAE04EC0-301F-11D3-BF4B-00C04F79EFBC}") = "Portfolio.Tests", "Portfolio.Tests\Portfolio.Tests.csproj", "{3C27CDA5-974F-47AC-BCA4-C09CAF931A82}"
EndProject
Global
	GlobalSection(SolutionConfigurationPlatforms) = preSolution
		Debug|Any CPU = Debug|Any CPU
		Release|Any CPU = Release|Any CPU
	EndGlobalSection
	GlobalSection(ProjectConfigurationPlatforms) = postSolution
		{EA3138E4-F75A-4D7B-A6B0-CEBD663798F1}.Debug|Any CPU.ActiveCfg = Debug|Any CPU
		{EA3138E4-F75A-4D7B-A6B0-CEBD663798F1}.Debug|Any CPU.Build.0 = Debug|Any CPU
		{EA3138E4-F75A-4D7B-A6B0-CEBD663798F1}.Release|Any CPU.ActiveCfg = Release|Any CPU
		{EA3138E4-F75A-4D7B-A6B0-CEBD663798F1}.Release|Any CPU.Build.0 = Release|Any CPU
		{3C27CDA5-974F-47AC-BCA4-C09CAF931A82}.Debug|Any CPU.ActiveCfg = Debug|Any CPU
		{3C27CDA5-974F-47AC-BCA4-C09CAF931A82}.Debug|Any CPU.Build.0 = Debug|Any CPU
		{3C27CDA5-974F-47AC-BCA4-C09CAF931A82}.Release|Any CPU.ActiveCfg = Release|Any CPU
		{3C27CDA5-974F-47AC-BCA4-C09CAF931A82}.Release|Any CPU.Build.0 = Release|Any CPU
	EndGlobalSection
EndGlobal
